// !$*UTF8*$!
{
	archiveVersion = 1;
	classes = {
	};
	objectVersion = 50;
	objects = {

/* Begin PBXBuildFile section */
		AF4FD06F263DFA2500E4FDAF /* MarvelPlaygroundApp.swift in Sources */ = {isa = PBXBuildFile; fileRef = AF4FD06E263DFA2500E4FDAF /* MarvelPlaygroundApp.swift */; };
		AF4FD071263DFA2500E4FDAF /* FeaturedView.swift in Sources */ = {isa = PBXBuildFile; fileRef = AF4FD070263DFA2500E4FDAF /* FeaturedView.swift */; };
		AF4FD073263DFA2600E4FDAF /* Assets.xcassets in Resources */ = {isa = PBXBuildFile; fileRef = AF4FD072263DFA2600E4FDAF /* Assets.xcassets */; };
		AF4FD076263DFA2600E4FDAF /* Preview Assets.xcassets in Resources */ = {isa = PBXBuildFile; fileRef = AF4FD075263DFA2600E4FDAF /* Preview Assets.xcassets */; };
		AF67E7A0263E5E2F007FF897 /* CharactersListView.swift in Sources */ = {isa = PBXBuildFile; fileRef = AF67E79F263E5E2F007FF897 /* CharactersListView.swift */; };
		AF67E7A2263E5EB5007FF897 /* ComicsListView.swift in Sources */ = {isa = PBXBuildFile; fileRef = AF67E7A1263E5EB5007FF897 /* ComicsListView.swift */; };
		AF67E7A4263E5EE2007FF897 /* MainView.swift in Sources */ = {isa = PBXBuildFile; fileRef = AF67E7A3263E5EE2007FF897 /* MainView.swift */; };
		AF67E7AA263E8199007FF897 /* NetworkUtils.swift in Sources */ = {isa = PBXBuildFile; fileRef = AF67E7A9263E8199007FF897 /* NetworkUtils.swift */; };
		AF67E7AC263E939D007FF897 /* SecurityUtils.swift in Sources */ = {isa = PBXBuildFile; fileRef = AF67E7AB263E939D007FF897 /* SecurityUtils.swift */; };
		AF67E7B2263E9611007FF897 /* Character.swift in Sources */ = {isa = PBXBuildFile; fileRef = AF67E7B1263E9611007FF897 /* Character.swift */; };
		AF67E7B5263E96D4007FF897 /* MarvelApiBaseResponse.swift in Sources */ = {isa = PBXBuildFile; fileRef = AF67E7B4263E96D4007FF897 /* MarvelApiBaseResponse.swift */; };
		AF67E7B9263E9BD2007FF897 /* Comic.swift in Sources */ = {isa = PBXBuildFile; fileRef = AF67E7B8263E9BD2007FF897 /* Comic.swift */; };
		AF67E7BB263EA11C007FF897 /* CharactersService.swift in Sources */ = {isa = PBXBuildFile; fileRef = AF67E7BA263EA11C007FF897 /* CharactersService.swift */; };
		AF67E7BD263EA9F4007FF897 /* CharacterManagerProtocol.swift in Sources */ = {isa = PBXBuildFile; fileRef = AF67E7BC263EA9F4007FF897 /* CharacterManagerProtocol.swift */; };
		AF67E7C0263EAB6B007FF897 /* CharacterViewModel.swift in Sources */ = {isa = PBXBuildFile; fileRef = AF67E7BF263EAB6B007FF897 /* CharacterViewModel.swift */; };
		AF67E7C2263F0B55007FF897 /* SearchBarView.swift in Sources */ = {isa = PBXBuildFile; fileRef = AF67E7C1263F0B55007FF897 /* SearchBarView.swift */; };
		AF67E7C5263F0C5F007FF897 /* CustomTextField.swift in Sources */ = {isa = PBXBuildFile; fileRef = AF67E7C4263F0C5F007FF897 /* CustomTextField.swift */; };
		AF67E7CB263F2B26007FF897 /* AsyncImageUtils.swift in Sources */ = {isa = PBXBuildFile; fileRef = AF67E7CA263F2B26007FF897 /* AsyncImageUtils.swift */; };
		AF67E7CD263F3FDE007FF897 /* CharacterListItemView.swift in Sources */ = {isa = PBXBuildFile; fileRef = AF67E7CC263F3FDE007FF897 /* CharacterListItemView.swift */; };
		AF747567263FAC9B00EA2654 /* ImageCacheUtils.swift in Sources */ = {isa = PBXBuildFile; fileRef = AF747566263FAC9B00EA2654 /* ImageCacheUtils.swift */; };
/* End PBXBuildFile section */

/* Begin PBXFileReference section */
		AF4FD06B263DFA2500E4FDAF /* MarvelPlayground.app */ = {isa = PBXFileReference; explicitFileType = wrapper.application; includeInIndex = 0; path = MarvelPlayground.app; sourceTree = BUILT_PRODUCTS_DIR; };
		AF4FD06E263DFA2500E4FDAF /* MarvelPlaygroundApp.swift */ = {isa = PBXFileReference; lastKnownFileType = sourcecode.swift; path = MarvelPlaygroundApp.swift; sourceTree = "<group>"; };
		AF4FD070263DFA2500E4FDAF /* FeaturedView.swift */ = {isa = PBXFileReference; lastKnownFileType = sourcecode.swift; path = FeaturedView.swift; sourceTree = "<group>"; };
		AF4FD072263DFA2600E4FDAF /* Assets.xcassets */ = {isa = PBXFileReference; lastKnownFileType = folder.assetcatalog; path = Assets.xcassets; sourceTree = "<group>"; };
		AF4FD075263DFA2600E4FDAF /* Preview Assets.xcassets */ = {isa = PBXFileReference; lastKnownFileType = folder.assetcatalog; path = "Preview Assets.xcassets"; sourceTree = "<group>"; };
		AF4FD077263DFA2600E4FDAF /* Info.plist */ = {isa = PBXFileReference; lastKnownFileType = text.plist.xml; path = Info.plist; sourceTree = "<group>"; };
		AF67E79F263E5E2F007FF897 /* CharactersListView.swift */ = {isa = PBXFileReference; lastKnownFileType = sourcecode.swift; path = CharactersListView.swift; sourceTree = "<group>"; };
		AF67E7A1263E5EB5007FF897 /* ComicsListView.swift */ = {isa = PBXFileReference; lastKnownFileType = sourcecode.swift; path = ComicsListView.swift; sourceTree = "<group>"; };
		AF67E7A3263E5EE2007FF897 /* MainView.swift */ = {isa = PBXFileReference; lastKnownFileType = sourcecode.swift; path = MainView.swift; sourceTree = "<group>"; };
		AF67E7A9263E8199007FF897 /* NetworkUtils.swift */ = {isa = PBXFileReference; lastKnownFileType = sourcecode.swift; path = NetworkUtils.swift; sourceTree = "<group>"; };
		AF67E7AB263E939D007FF897 /* SecurityUtils.swift */ = {isa = PBXFileReference; lastKnownFileType = sourcecode.swift; path = SecurityUtils.swift; sourceTree = "<group>"; };
		AF67E7B1263E9611007FF897 /* Character.swift */ = {isa = PBXFileReference; lastKnownFileType = sourcecode.swift; path = Character.swift; sourceTree = "<group>"; };
		AF67E7B4263E96D4007FF897 /* MarvelApiBaseResponse.swift */ = {isa = PBXFileReference; lastKnownFileType = sourcecode.swift; path = MarvelApiBaseResponse.swift; sourceTree = "<group>"; };
		AF67E7B8263E9BD2007FF897 /* Comic.swift */ = {isa = PBXFileReference; lastKnownFileType = sourcecode.swift; path = Comic.swift; sourceTree = "<group>"; };
		AF67E7BA263EA11C007FF897 /* CharactersService.swift */ = {isa = PBXFileReference; lastKnownFileType = sourcecode.swift; path = CharactersService.swift; sourceTree = "<group>"; };
		AF67E7BC263EA9F4007FF897 /* CharacterManagerProtocol.swift */ = {isa = PBXFileReference; lastKnownFileType = sourcecode.swift; path = CharacterManagerProtocol.swift; sourceTree = "<group>"; };
		AF67E7BF263EAB6B007FF897 /* CharacterViewModel.swift */ = {isa = PBXFileReference; lastKnownFileType = sourcecode.swift; path = CharacterViewModel.swift; sourceTree = "<group>"; };
		AF67E7C1263F0B55007FF897 /* SearchBarView.swift */ = {isa = PBXFileReference; lastKnownFileType = sourcecode.swift; path = SearchBarView.swift; sourceTree = "<group>"; };
		AF67E7C4263F0C5F007FF897 /* CustomTextField.swift */ = {isa = PBXFileReference; lastKnownFileType = sourcecode.swift; path = CustomTextField.swift; sourceTree = "<group>"; };
		AF67E7CA263F2B26007FF897 /* AsyncImageUtils.swift */ = {isa = PBXFileReference; lastKnownFileType = sourcecode.swift; path = AsyncImageUtils.swift; sourceTree = "<group>"; };
		AF67E7CC263F3FDE007FF897 /* CharacterListItemView.swift */ = {isa = PBXFileReference; lastKnownFileType = sourcecode.swift; path = CharacterListItemView.swift; sourceTree = "<group>"; };
		AF747566263FAC9B00EA2654 /* ImageCacheUtils.swift */ = {isa = PBXFileReference; lastKnownFileType = sourcecode.swift; path = ImageCacheUtils.swift; sourceTree = "<group>"; };
/* End PBXFileReference section */

/* Begin PBXFrameworksBuildPhase section */
		AF4FD068263DFA2500E4FDAF /* Frameworks */ = {
			isa = PBXFrameworksBuildPhase;
			buildActionMask = 2147483647;
			files = (
			);
			runOnlyForDeploymentPostprocessing = 0;
		};
/* End PBXFrameworksBuildPhase section */

/* Begin PBXGroup section */
		AF4FD062263DFA2500E4FDAF = {
			isa = PBXGroup;
			children = (
				AF4FD06D263DFA2500E4FDAF /* MarvelPlayground */,
				AF4FD06C263DFA2500E4FDAF /* Products */,
			);
			sourceTree = "<group>";
		};
		AF4FD06C263DFA2500E4FDAF /* Products */ = {
			isa = PBXGroup;
			children = (
				AF4FD06B263DFA2500E4FDAF /* MarvelPlayground.app */,
			);
			name = Products;
			sourceTree = "<group>";
		};
		AF4FD06D263DFA2500E4FDAF /* MarvelPlayground */ = {
			isa = PBXGroup;
			children = (
				AF4FD07D263E5D4D00E4FDAF /* App */,
				AF67E7C3263F0C47007FF897 /* CommonViews */,
				AF67E7B3263E96BC007FF897 /* CommonModels */,
				AF67E7A6263E6C2A007FF897 /* Features */,
				AF67E7A5263E6BDD007FF897 /* Utils */,
				AF4FD072263DFA2600E4FDAF /* Assets.xcassets */,
				AF4FD077263DFA2600E4FDAF /* Info.plist */,
				AF4FD074263DFA2600E4FDAF /* Preview Content */,
			);
			path = MarvelPlayground;
			sourceTree = "<group>";
		};
		AF4FD074263DFA2600E4FDAF /* Preview Content */ = {
			isa = PBXGroup;
			children = (
				AF4FD075263DFA2600E4FDAF /* Preview Assets.xcassets */,
			);
			path = "Preview Content";
			sourceTree = "<group>";
		};
		AF4FD07D263E5D4D00E4FDAF /* App */ = {
			isa = PBXGroup;
			children = (
				AF4FD06E263DFA2500E4FDAF /* MarvelPlaygroundApp.swift */,
				AF67E7A3263E5EE2007FF897 /* MainView.swift */,
			);
			path = App;
			sourceTree = "<group>";
		};
		AF67E7A5263E6BDD007FF897 /* Utils */ = {
			isa = PBXGroup;
			children = (
				AF67E7A9263E8199007FF897 /* NetworkUtils.swift */,
				AF67E7AB263E939D007FF897 /* SecurityUtils.swift */,
				AF67E7CA263F2B26007FF897 /* AsyncImageUtils.swift */,
				AF747566263FAC9B00EA2654 /* ImageCacheUtils.swift */,
			);
			path = Utils;
			sourceTree = "<group>";
		};
		AF67E7A6263E6C2A007FF897 /* Features */ = {
			isa = PBXGroup;
			children = (
				AF747568263FB07400EA2654 /* Featured */,
				AF67E7A8263E6C48007FF897 /* Comics */,
				AF67E7A7263E6C41007FF897 /* Characters */,
			);
			path = Features;
			sourceTree = "<group>";
		};
		AF67E7A7263E6C41007FF897 /* Characters */ = {
			isa = PBXGroup;
			children = (
				AF67E7AD263E95A7007FF897 /* Models */,
				AF67E7BE263EAB4D007FF897 /* ViewModels */,
				AF67E7AE263E95C7007FF897 /* Views */,
				AF67E7BA263EA11C007FF897 /* CharactersService.swift */,
				AF67E7BC263EA9F4007FF897 /* CharacterManagerProtocol.swift */,
			);
			path = Characters;
			sourceTree = "<group>";
		};
		AF67E7A8263E6C48007FF897 /* Comics */ = {
			isa = PBXGroup;
			children = (
				AF67E7AF263E95CF007FF897 /* Models */,
				AF67E7B0263E95D8007FF897 /* Views */,
			);
			path = Comics;
			sourceTree = "<group>";
		};
		AF67E7AD263E95A7007FF897 /* Models */ = {
			isa = PBXGroup;
			children = (
				AF67E7B1263E9611007FF897 /* Character.swift */,
			);
			path = Models;
			sourceTree = "<group>";
		};
		AF67E7AE263E95C7007FF897 /* Views */ = {
			isa = PBXGroup;
			children = (
				AF67E7CC263F3FDE007FF897 /* CharacterListItemView.swift */,
				AF67E79F263E5E2F007FF897 /* CharactersListView.swift */,
			);
			path = Views;
			sourceTree = "<group>";
		};
		AF67E7AF263E95CF007FF897 /* Models */ = {
			isa = PBXGroup;
			children = (
				AF67E7B8263E9BD2007FF897 /* Comic.swift */,
			);
			path = Models;
			sourceTree = "<group>";
		};
		AF67E7B0263E95D8007FF897 /* Views */ = {
			isa = PBXGroup;
			children = (
				AF67E7A1263E5EB5007FF897 /* ComicsListView.swift */,
			);
			path = Views;
			sourceTree = "<group>";
		};
		AF67E7B3263E96BC007FF897 /* CommonModels */ = {
			isa = PBXGroup;
			children = (
				AF67E7B4263E96D4007FF897 /* MarvelApiBaseResponse.swift */,
			);
			path = CommonModels;
			sourceTree = "<group>";
		};
		AF67E7BE263EAB4D007FF897 /* ViewModels */ = {
			isa = PBXGroup;
			children = (
				AF67E7BF263EAB6B007FF897 /* CharacterViewModel.swift */,
			);
			path = ViewModels;
			sourceTree = "<group>";
		};
		AF67E7C3263F0C47007FF897 /* CommonViews */ = {
			isa = PBXGroup;
			children = (
				AF67E7C4263F0C5F007FF897 /* CustomTextField.swift */,
				AF67E7C1263F0B55007FF897 /* SearchBarView.swift */,
			);
			path = CommonViews;
			sourceTree = "<group>";
		};
		AF747568263FB07400EA2654 /* Featured */ = {
			isa = PBXGroup;
			children = (
				AF74756A263FB08B00EA2654 /* Models */,
				AF747569263FB08200EA2654 /* Views */,
			);
			path = Featured;
			sourceTree = "<group>";
		};
		AF747569263FB08200EA2654 /* Views */ = {
			isa = PBXGroup;
			children = (
				AF4FD070263DFA2500E4FDAF /* FeaturedView.swift */,
			);
			path = Views;
			sourceTree = "<group>";
		};
		AF74756A263FB08B00EA2654 /* Models */ = {
			isa = PBXGroup;
			children = (
			);
			path = Models;
			sourceTree = "<group>";
		};
/* End PBXGroup section */

/* Begin PBXNativeTarget section */
		AF4FD06A263DFA2500E4FDAF /* MarvelPlayground */ = {
			isa = PBXNativeTarget;
			buildConfigurationList = AF4FD07A263DFA2600E4FDAF /* Build configuration list for PBXNativeTarget "MarvelPlayground" */;
			buildPhases = (
				AF4FD067263DFA2500E4FDAF /* Sources */,
				AF4FD068263DFA2500E4FDAF /* Frameworks */,
				AF4FD069263DFA2500E4FDAF /* Resources */,
			);
			buildRules = (
			);
			dependencies = (
			);
			name = MarvelPlayground;
			productName = MarvelPlayground;
			productReference = AF4FD06B263DFA2500E4FDAF /* MarvelPlayground.app */;
			productType = "com.apple.product-type.application";
		};
/* End PBXNativeTarget section */

/* Begin PBXProject section */
		AF4FD063263DFA2500E4FDAF /* Project object */ = {
			isa = PBXProject;
			attributes = {
				LastSwiftUpdateCheck = 1250;
				LastUpgradeCheck = 1250;
				TargetAttributes = {
					AF4FD06A263DFA2500E4FDAF = {
						CreatedOnToolsVersion = 12.5;
					};
				};
			};
			buildConfigurationList = AF4FD066263DFA2500E4FDAF /* Build configuration list for PBXProject "MarvelPlayground" */;
			compatibilityVersion = "Xcode 9.3";
			developmentRegion = en;
			hasScannedForEncodings = 0;
			knownRegions = (
				en,
				Base,
			);
			mainGroup = AF4FD062263DFA2500E4FDAF;
			productRefGroup = AF4FD06C263DFA2500E4FDAF /* Products */;
			projectDirPath = "";
			projectRoot = "";
			targets = (
				AF4FD06A263DFA2500E4FDAF /* MarvelPlayground */,
			);
		};
/* End PBXProject section */

/* Begin PBXResourcesBuildPhase section */
		AF4FD069263DFA2500E4FDAF /* Resources */ = {
			isa = PBXResourcesBuildPhase;
			buildActionMask = 2147483647;
			files = (
				AF4FD076263DFA2600E4FDAF /* Preview Assets.xcassets in Resources */,
				AF4FD073263DFA2600E4FDAF /* Assets.xcassets in Resources */,
			);
			runOnlyForDeploymentPostprocessing = 0;
		};
/* End PBXResourcesBuildPhase section */

/* Begin PBXSourcesBuildPhase section */
		AF4FD067263DFA2500E4FDAF /* Sources */ = {
			isa = PBXSourcesBuildPhase;
			buildActionMask = 2147483647;
			files = (
				AF67E7AA263E8199007FF897 /* NetworkUtils.swift in Sources */,
				AF67E7AC263E939D007FF897 /* SecurityUtils.swift in Sources */,
				AF67E7C2263F0B55007FF897 /* SearchBarView.swift in Sources */,
				AF4FD071263DFA2500E4FDAF /* FeaturedView.swift in Sources */,
				AF67E7C5263F0C5F007FF897 /* CustomTextField.swift in Sources */,
				AF67E7A2263E5EB5007FF897 /* ComicsListView.swift in Sources */,
				AF67E7B5263E96D4007FF897 /* MarvelApiBaseResponse.swift in Sources */,
				AF67E7A0263E5E2F007FF897 /* CharactersListView.swift in Sources */,
				AF67E7CD263F3FDE007FF897 /* CharacterListItemView.swift in Sources */,
				AF67E7BD263EA9F4007FF897 /* CharacterManagerProtocol.swift in Sources */,
				AF67E7C0263EAB6B007FF897 /* CharacterViewModel.swift in Sources */,
				AF67E7BB263EA11C007FF897 /* CharactersService.swift in Sources */,
				AF67E7B9263E9BD2007FF897 /* Comic.swift in Sources */,
				AF67E7A4263E5EE2007FF897 /* MainView.swift in Sources */,
				AF747567263FAC9B00EA2654 /* ImageCacheUtils.swift in Sources */,
				AF4FD06F263DFA2500E4FDAF /* MarvelPlaygroundApp.swift in Sources */,
				AF67E7CB263F2B26007FF897 /* AsyncImageUtils.swift in Sources */,
				AF67E7B2263E9611007FF897 /* Character.swift in Sources */,
			);
			runOnlyForDeploymentPostprocessing = 0;
		};
/* End PBXSourcesBuildPhase section */

/* Begin XCBuildConfiguration section */
		AF4FD078263DFA2600E4FDAF /* Debug */ = {
			isa = XCBuildConfiguration;
			buildSettings = {
				ALWAYS_SEARCH_USER_PATHS = NO;
				CLANG_ANALYZER_NONNULL = YES;
				CLANG_ANALYZER_NUMBER_OBJECT_CONVERSION = YES_AGGRESSIVE;
				CLANG_CXX_LANGUAGE_STANDARD = "gnu++14";
				CLANG_CXX_LIBRARY = "libc++";
				CLANG_ENABLE_MODULES = YES;
				CLANG_ENABLE_OBJC_ARC = YES;
				CLANG_ENABLE_OBJC_WEAK = YES;
				CLANG_WARN_BLOCK_CAPTURE_AUTORELEASING = YES;
				CLANG_WARN_BOOL_CONVERSION = YES;
				CLANG_WARN_COMMA = YES;
				CLANG_WARN_CONSTANT_CONVERSION = YES;
				CLANG_WARN_DEPRECATED_OBJC_IMPLEMENTATIONS = YES;
				CLANG_WARN_DIRECT_OBJC_ISA_USAGE = YES_ERROR;
				CLANG_WARN_DOCUMENTATION_COMMENTS = YES;
				CLANG_WARN_EMPTY_BODY = YES;
				CLANG_WARN_ENUM_CONVERSION = YES;
				CLANG_WARN_INFINITE_RECURSION = YES;
				CLANG_WARN_INT_CONVERSION = YES;
				CLANG_WARN_NON_LITERAL_NULL_CONVERSION = YES;
				CLANG_WARN_OBJC_IMPLICIT_RETAIN_SELF = YES;
				CLANG_WARN_OBJC_LITERAL_CONVERSION = YES;
				CLANG_WARN_OBJC_ROOT_CLASS = YES_ERROR;
				CLANG_WARN_QUOTED_INCLUDE_IN_FRAMEWORK_HEADER = YES;
				CLANG_WARN_RANGE_LOOP_ANALYSIS = YES;
				CLANG_WARN_STRICT_PROTOTYPES = YES;
				CLANG_WARN_SUSPICIOUS_MOVE = YES;
				CLANG_WARN_UNGUARDED_AVAILABILITY = YES_AGGRESSIVE;
				CLANG_WARN_UNREACHABLE_CODE = YES;
				CLANG_WARN__DUPLICATE_METHOD_MATCH = YES;
				COPY_PHASE_STRIP = NO;
				DEBUG_INFORMATION_FORMAT = dwarf;
				ENABLE_STRICT_OBJC_MSGSEND = YES;
				ENABLE_TESTABILITY = YES;
				GCC_C_LANGUAGE_STANDARD = gnu11;
				GCC_DYNAMIC_NO_PIC = NO;
				GCC_NO_COMMON_BLOCKS = YES;
				GCC_OPTIMIZATION_LEVEL = 0;
				GCC_PREPROCESSOR_DEFINITIONS = (
					"DEBUG=1",
					"$(inherited)",
				);
				GCC_WARN_64_TO_32_BIT_CONVERSION = YES;
				GCC_WARN_ABOUT_RETURN_TYPE = YES_ERROR;
				GCC_WARN_UNDECLARED_SELECTOR = YES;
				GCC_WARN_UNINITIALIZED_AUTOS = YES_AGGRESSIVE;
				GCC_WARN_UNUSED_FUNCTION = YES;
				GCC_WARN_UNUSED_VARIABLE = YES;
				IPHONEOS_DEPLOYMENT_TARGET = 14.5;
				MTL_ENABLE_DEBUG_INFO = INCLUDE_SOURCE;
				MTL_FAST_MATH = YES;
				ONLY_ACTIVE_ARCH = YES;
				SDKROOT = iphoneos;
				SWIFT_ACTIVE_COMPILATION_CONDITIONS = DEBUG;
				SWIFT_OPTIMIZATION_LEVEL = "-Onone";
			};
			name = Debug;
		};
		AF4FD079263DFA2600E4FDAF /* Release */ = {
			isa = XCBuildConfiguration;
			buildSettings = {
				ALWAYS_SEARCH_USER_PATHS = NO;
				CLANG_ANALYZER_NONNULL = YES;
				CLANG_ANALYZER_NUMBER_OBJECT_CONVERSION = YES_AGGRESSIVE;
				CLANG_CXX_LANGUAGE_STANDARD = "gnu++14";
				CLANG_CXX_LIBRARY = "libc++";
				CLANG_ENABLE_MODULES = YES;
				CLANG_ENABLE_OBJC_ARC = YES;
				CLANG_ENABLE_OBJC_WEAK = YES;
				CLANG_WARN_BLOCK_CAPTURE_AUTORELEASING = YES;
				CLANG_WARN_BOOL_CONVERSION = YES;
				CLANG_WARN_COMMA = YES;
				CLANG_WARN_CONSTANT_CONVERSION = YES;
				CLANG_WARN_DEPRECATED_OBJC_IMPLEMENTATIONS = YES;
				CLANG_WARN_DIRECT_OBJC_ISA_USAGE = YES_ERROR;
				CLANG_WARN_DOCUMENTATION_COMMENTS = YES;
				CLANG_WARN_EMPTY_BODY = YES;
				CLANG_WARN_ENUM_CONVERSION = YES;
				CLANG_WARN_INFINITE_RECURSION = YES;
				CLANG_WARN_INT_CONVERSION = YES;
				CLANG_WARN_NON_LITERAL_NULL_CONVERSION = YES;
				CLANG_WARN_OBJC_IMPLICIT_RETAIN_SELF = YES;
				CLANG_WARN_OBJC_LITERAL_CONVERSION = YES;
				CLANG_WARN_OBJC_ROOT_CLASS = YES_ERROR;
				CLANG_WARN_QUOTED_INCLUDE_IN_FRAMEWORK_HEADER = YES;
				CLANG_WARN_RANGE_LOOP_ANALYSIS = YES;
				CLANG_WARN_STRICT_PROTOTYPES = YES;
				CLANG_WARN_SUSPICIOUS_MOVE = YES;
				CLANG_WARN_UNGUARDED_AVAILABILITY = YES_AGGRESSIVE;
				CLANG_WARN_UNREACHABLE_CODE = YES;
				CLANG_WARN__DUPLICATE_METHOD_MATCH = YES;
				COPY_PHASE_STRIP = NO;
				DEBUG_INFORMATION_FORMAT = "dwarf-with-dsym";
				ENABLE_NS_ASSERTIONS = NO;
				ENABLE_STRICT_OBJC_MSGSEND = YES;
				GCC_C_LANGUAGE_STANDARD = gnu11;
				GCC_NO_COMMON_BLOCKS = YES;
				GCC_WARN_64_TO_32_BIT_CONVERSION = YES;
				GCC_WARN_ABOUT_RETURN_TYPE = YES_ERROR;
				GCC_WARN_UNDECLARED_SELECTOR = YES;
				GCC_WARN_UNINITIALIZED_AUTOS = YES_AGGRESSIVE;
				GCC_WARN_UNUSED_FUNCTION = YES;
				GCC_WARN_UNUSED_VARIABLE = YES;
				IPHONEOS_DEPLOYMENT_TARGET = 14.5;
				MTL_ENABLE_DEBUG_INFO = NO;
				MTL_FAST_MATH = YES;
				SDKROOT = iphoneos;
				SWIFT_COMPILATION_MODE = wholemodule;
				SWIFT_OPTIMIZATION_LEVEL = "-O";
				VALIDATE_PRODUCT = YES;
			};
			name = Release;
		};
		AF4FD07B263DFA2600E4FDAF /* Debug */ = {
			isa = XCBuildConfiguration;
			buildSettings = {
				ASSETCATALOG_COMPILER_APPICON_NAME = AppIcon;
				ASSETCATALOG_COMPILER_GLOBAL_ACCENT_COLOR_NAME = AccentColor;
				CODE_SIGN_STYLE = Automatic;
				DEVELOPMENT_ASSET_PATHS = "\"MarvelPlayground/Preview Content\"";
				DEVELOPMENT_TEAM = 4R65VXNQ2K;
				ENABLE_PREVIEWS = YES;
				INFOPLIST_FILE = MarvelPlayground/Info.plist;
				IPHONEOS_DEPLOYMENT_TARGET = 14.0;
				LD_RUNPATH_SEARCH_PATHS = (
					"$(inherited)",
					"@executable_path/Frameworks",
				);
				PRODUCT_BUNDLE_IDENTIFIER = CodyMiller.MarvelPlayground;
				PRODUCT_NAME = "$(TARGET_NAME)";
				SWIFT_VERSION = 5.0;
				TARGETED_DEVICE_FAMILY = "1,2";
			};
			name = Debug;
		};
		AF4FD07C263DFA2600E4FDAF /* Release */ = {
			isa = XCBuildConfiguration;
			buildSettings = {
				ASSETCATALOG_COMPILER_APPICON_NAME = AppIcon;
				ASSETCATALOG_COMPILER_GLOBAL_ACCENT_COLOR_NAME = AccentColor;
				CODE_SIGN_STYLE = Automatic;
				DEVELOPMENT_ASSET_PATHS = "\"MarvelPlayground/Preview Content\"";
				DEVELOPMENT_TEAM = 4R65VXNQ2K;
				ENABLE_PREVIEWS = YES;
				INFOPLIST_FILE = MarvelPlayground/Info.plist;
				IPHONEOS_DEPLOYMENT_TARGET = 14.0;
				LD_RUNPATH_SEARCH_PATHS = (
					"$(inherited)",
					"@executable_path/Frameworks",
				);
				PRODUCT_BUNDLE_IDENTIFIER = CodyMiller.MarvelPlayground;
				PRODUCT_NAME = "$(TARGET_NAME)";
				SWIFT_VERSION = 5.0;
				TARGETED_DEVICE_FAMILY = "1,2";
			};
			name = Release;
		};
/* End XCBuildConfiguration section */

/* Begin XCConfigurationList section */
		AF4FD066263DFA2500E4FDAF /* Build configuration list for PBXProject "MarvelPlayground" */ = {
			isa = XCConfigurationList;
			buildConfigurations = (
				AF4FD078263DFA2600E4FDAF /* Debug */,
				AF4FD079263DFA2600E4FDAF /* Release */,
			);
			defaultConfigurationIsVisible = 0;
			defaultConfigurationName = Release;
		};
		AF4FD07A263DFA2600E4FDAF /* Build configuration list for PBXNativeTarget "MarvelPlayground" */ = {
			isa = XCConfigurationList;
			buildConfigurations = (
				AF4FD07B263DFA2600E4FDAF /* Debug */,
				AF4FD07C263DFA2600E4FDAF /* Release */,
			);
			defaultConfigurationIsVisible = 0;
			defaultConfigurationName = Release;
		};
/* End XCConfigurationList section */
	};
	rootObject = AF4FD063263DFA2500E4FDAF /* Project object */;
}
